
Microsoft Visual Studio Solution File, Format Version 12.00
# Visual Studio Version 17
VisualStudioVersion = 17.5.33424.131
MinimumVisualStudioVersion = 10.0.40219.1
Project("{9A19103F-16F7-4668-BE54-9A1E7A4F7556}") = "LaborProtection.Database", "LaborProtection.Database\LaborProtection.Database.csproj", "{7E3FE6AF-D8FB-44CC-9641-4BFDE20C41DA}"
EndProject
Project("{9A19103F-16F7-4668-BE54-9A1E7A4F7556}") = "LaborProtection.EntityFramework", "LaborProtection.EntityFramework\LaborProtection.EntityFramework.csproj", "{ABA798B3-F591-45D2-968F-5203C66EDE3B}"
EndProject
Project("{9A19103F-16F7-4668-BE54-9A1E7A4F7556}") = "LaborProtection.Common", "LaborProtection.Common\LaborProtection.Common.csproj", "{876D1AA6-5CCE-4E9A-BE7C-82058C9095E8}"
EndProject
Project("{9A19103F-16F7-4668-BE54-9A1E7A4F7556}") = "LaborProtection.Services", "LaborProtection.Services\LaborProtection.Services.csproj", "{A5D587A8-D614-44E4-BD55-740202ABCEC4}"
EndProject
Project("{9A19103F-16F7-4668-BE54-9A1E7A4F7556}") = "LaborProtection.Desktop", "LaborProtection.Desktop\LaborProtection.Desktop.csproj", "{39B6372B-43E1-492D-9527-0CBD4A95BD9E}"
EndProject
Global
	GlobalSection(SolutionConfigurationPlatforms) = preSolution
		Debug|Any CPU = Debug|Any CPU
		Release|Any CPU = Release|Any CPU
	EndGlobalSection
	GlobalSection(ProjectConfigurationPlatforms) = postSolution
		{7E3FE6AF-D8FB-44CC-9641-4BFDE20C41DA}.Debug|Any CPU.ActiveCfg = Debug|Any CPU
		{7E3FE6AF-D8FB-44CC-9641-4BFDE20C41DA}.Debug|Any CPU.Build.0 = Debug|Any CPU
		{7E3FE6AF-D8FB-44CC-9641-4BFDE20C41DA}.Release|Any CPU.ActiveCfg = Release|Any CPU
		{7E3FE6AF-D8FB-44CC-9641-4BFDE20C41DA}.Release|Any CPU.Build.0 = Release|Any CPU
		{ABA798B3-F591-45D2-968F-5203C66EDE3B}.Debug|Any CPU.ActiveCfg = Debug|Any CPU
		{ABA798B3-F591-45D2-968F-5203C66EDE3B}.Debug|Any CPU.Build.0 = Debug|Any CPU
		{ABA798B3-F591-45D2-968F-5203C66EDE3B}.Release|Any CPU.ActiveCfg = Release|Any CPU
		{ABA798B3-F591-45D2-968F-5203C66EDE3B}.Release|Any CPU.Build.0 = Release|Any CPU
		{876D1AA6-5CCE-4E9A-BE7C-82058C9095E8}.Debug|Any CPU.ActiveCfg = Debug|Any CPU
		{876D1AA6-5CCE-4E9A-BE7C-82058C9095E8}.Debug|Any CPU.Build.0 = Debug|Any CPU
		{876D1AA6-5CCE-4E9A-BE7C-82058C9095E8}.Release|Any CPU.ActiveCfg = Release|Any CPU
		{876D1AA6-5CCE-4E9A-BE7C-82058C9095E8}.Release|Any CPU.Build.0 = Release|Any CPU
		{A5D587A8-D614-44E4-BD55-740202ABCEC4}.Debug|Any CPU.ActiveCfg = Debug|Any CPU
		{A5D587A8-D614-44E4-BD55-740202ABCEC4}.Debug|Any CPU.Build.0 = Debug|Any CPU
		{A5D587A8-D614-44E4-BD55-740202ABCEC4}.Release|Any CPU.ActiveCfg = Release|Any CPU
		{A5D587A8-D614-44E4-BD55-740202ABCEC4}.Release|Any CPU.Build.0 = Release|Any CPU
		{39B6372B-43E1-492D-9527-0CBD4A95BD9E}.Debug|Any CPU.ActiveCfg = Debug|Any CPU
		{39B6372B-43E1-492D-9527-0CBD4A95BD9E}.Debug|Any CPU.Build.0 = Debug|Any CPU
		{39B6372B-43E1-492D-9527-0CBD4A95BD9E}.Release|Any CPU.ActiveCfg = Release|Any CPU
		{39B6372B-43E1-492D-9527-0CBD4A95BD9E}.Release|Any CPU.Build.0 = Release|Any CPU
	EndGlobalSection
	GlobalSection(SolutionProperties) = preSolution
		HideSolutionNode = FALSE
	EndGlobalSection
	GlobalSection(ExtensibilityGlobals) = postSolution
		SolutionGuid = {80121058-5138-4B85-92DD-6E3E7BEF887C}
	EndGlobalSection
EndGlobal
